
Microsoft Visual Studio Solution File, Format Version 12.00
# Visual Studio Version 16
VisualStudioVersion = 16.0.31112.23
MinimumVisualStudioVersion = 10.0.40219.1
Project("{9A19103F-16F7-4668-BE54-9A1E7A4F7556}") = "TCP-RPC", "TCP-RPC\TCP-RPC.csproj", "{02F43A63-B314-4802-97D2-93487D6FECB1}"
EndProject
Project("{54435603-DBB4-11D2-8724-00A0C9A8B90C}") = "Setup", "Setup\Setup.vdproj", "{737EA1BD-32A5-4461-809A-AE12D1531250}"
EndProject
Global
	GlobalSection(SolutionConfigurationPlatforms) = preSolution
		Debug|Any CPU = Debug|Any CPU
		Release|Any CPU = Release|Any CPU
	EndGlobalSection
	GlobalSection(ProjectConfigurationPlatforms) = postSolution
		{02F43A63-B314-4802-97D2-93487D6FECB1}.Debug|Any CPU.ActiveCfg = Debug|Any CPU
		{02F43A63-B314-4802-97D2-93487D6FECB1}.Debug|Any CPU.Build.0 = Debug|Any CPU
		{02F43A63-B314-4802-97D2-93487D6FECB1}.Release|Any CPU.ActiveCfg = Release|Any CPU
		{02F43A63-B314-4802-97D2-93487D6FECB1}.Release|Any CPU.Build.0 = Release|Any CPU
		{737EA1BD-32A5-4461-809A-AE12D1531250}.Debug|Any CPU.ActiveCfg = Debug
		{737EA1BD-32A5-4461-809A-AE12D1531250}.Debug|Any CPU.Build.0 = Debug
		{737EA1BD-32A5-4461-809A-AE12D1531250}.Release|Any CPU.ActiveCfg = Release
		{737EA1BD-32A5-4461-809A-AE12D1531250}.Release|Any CPU.Build.0 = Release
	EndGlobalSection
	GlobalSection(SolutionProperties) = preSolution
		HideSolutionNode = FALSE
	EndGlobalSection
	GlobalSection(ExtensibilityGlobals) = postSolution
		SolutionGuid = {B081E385-18BB-433D-971A-FA890A428D47}
	EndGlobalSection
EndGlobal
